<Solution>
  <Folder Name="/src/">
    <Project Path="src/ApiGateway/ApiGateway.csproj" />
    <Project Path="src/Shared/Shared.csproj" />
  </Folder>
  <Folder Name="/src/Services/">
    <Project Path="src/Services/AddressCartService/AddressCartService.csproj" />
    <Project Path="src/Services/CatalogService/CatalogService.csproj" Id="382852be-fb07-4926-8fc7-f4452699701d" />
    <Project Path="src/Services/IdentityService/IdentityService.csproj" Id="719e8fa9-5511-459a-9044-4f20f41c2654" />
    <Project Path="src/Services/OrdersService/OrdersService.csproj" />
  </Folder>
  <Project Path="docker-compose.dcproj">
    <Build />
  </Project>
</Solution>
